
Microsoft Visual Studio Solution File, Format Version 12.00
# Visual Studio Version 17
VisualStudioVersion = 17.7.34031.279
MinimumVisualStudioVersion = 10.0.40219.1
Project("{FAE04EC0-301F-11D3-BF4B-00C04F79EFBC}") = "arrayDeno", "arrayDeno\arrayDeno.csproj", "{D69AEC1B-146E-4912-9A92-492654B1B545}"
EndProject
Global
	GlobalSection(SolutionConfigurationPlatforms) = preSolution
		Debug|Any CPU = Debug|Any CPU
		Release|Any CPU = Release|Any CPU
	EndGlobalSection
	GlobalSection(ProjectConfigurationPlatforms) = postSolution
		{D69AEC1B-146E-4912-9A92-492654B1B545}.Debug|Any CPU.ActiveCfg = Debug|Any CPU
		{D69AEC1B-146E-4912-9A92-492654B1B545}.Debug|Any CPU.Build.0 = Debug|Any CPU
		{D69AEC1B-146E-4912-9A92-492654B1B545}.Release|Any CPU.ActiveCfg = Release|Any CPU
		{D69AEC1B-146E-4912-9A92-492654B1B545}.Release|Any CPU.Build.0 = Release|Any CPU
	EndGlobalSection
	GlobalSection(SolutionProperties) = preSolution
		HideSolutionNode = FALSE
	EndGlobalSection
	GlobalSection(ExtensibilityGlobals) = postSolution
		SolutionGuid = {9FB42B6C-8A37-4968-AACE-95F9F4428E5A}
	EndGlobalSection
EndGlobal
